// !$*UTF8*$!
{
	archiveVersion = 1;
	classes = {
	};
	objectVersion = 55;
	objects = {

/* Begin PBXBuildFile section */
		6528E12829EE188100A0C70F /* SettingsRowView.swift in Sources */ = {isa = PBXBuildFile; fileRef = 6528E12729EE188100A0C70F /* SettingsRowView.swift */; };
		653F270D29E6E4B00004FB75 /* LaunchView.swift in Sources */ = {isa = PBXBuildFile; fileRef = 653F270C29E6E4B00004FB75 /* LaunchView.swift */; };
		6560708929A6A36900C188E5 /* InnerRectangleButtonView.swift in Sources */ = {isa = PBXBuildFile; fileRef = 6560708829A6A36900C188E5 /* InnerRectangleButtonView.swift */; };
		657C7F8A29E631B300E065A3 /* LaunchScreen.swift in Sources */ = {isa = PBXBuildFile; fileRef = 657C7F8929E631B300E065A3 /* LaunchScreen.swift */; };
		657C7F8C29E6B6C600E065A3 /* LaunchScreen.storyboard in Resources */ = {isa = PBXBuildFile; fileRef = 657C7F8B29E6B6C600E065A3 /* LaunchScreen.storyboard */; };
		659C512129F6DA0900168F1D /* Localizable.strings in Resources */ = {isa = PBXBuildFile; fileRef = 659C512329F6DA0900168F1D /* Localizable.strings */; };
		65B32BBE299AA2D9002AEED9 /* DeepSleepApp.swift in Sources */ = {isa = PBXBuildFile; fileRef = 65B32BBD299AA2D9002AEED9 /* DeepSleepApp.swift */; };
		65B32BC0299AA2D9002AEED9 /* ContentView.swift in Sources */ = {isa = PBXBuildFile; fileRef = 65B32BBF299AA2D9002AEED9 /* ContentView.swift */; };
		65B32BC2299AA2DA002AEED9 /* Assets.xcassets in Resources */ = {isa = PBXBuildFile; fileRef = 65B32BC1299AA2DA002AEED9 /* Assets.xcassets */; };
		65B32BC5299AA2DA002AEED9 /* Preview Assets.xcassets in Resources */ = {isa = PBXBuildFile; fileRef = 65B32BC4299AA2DA002AEED9 /* Preview Assets.xcassets */; };
		65B8CC6D299E2A4100E1FB44 /* Model.swift in Sources */ = {isa = PBXBuildFile; fileRef = 65B8CC6C299E2A4100E1FB44 /* Model.swift */; };
		65B9822729EB210C00D0C101 /* SettingsView.swift in Sources */ = {isa = PBXBuildFile; fileRef = 65B9822629EB210C00D0C101 /* SettingsView.swift */; };
		65BC227129D7A94E0082C401 /* Ocean.caf in Resources */ = {isa = PBXBuildFile; fileRef = 65BC226329D7A94C0082C401 /* Ocean.caf */; };
		65BC227229D7A94E0082C401 /* Pink Noise.caf in Resources */ = {isa = PBXBuildFile; fileRef = 65BC226429D7A94C0082C401 /* Pink Noise.caf */; };
		65BC227329D7A94E0082C401 /* Fire.caf in Resources */ = {isa = PBXBuildFile; fileRef = 65BC226529D7A94C0082C401 /* Fire.caf */; };
		65BC227429D7A94E0082C401 /* Rain Wind.caf in Resources */ = {isa = PBXBuildFile; fileRef = 65BC226629D7A94D0082C401 /* Rain Wind.caf */; };
		65BC227529D7A94E0082C401 /* Forest River.caf in Resources */ = {isa = PBXBuildFile; fileRef = 65BC226729D7A94D0082C401 /* Forest River.caf */; };
		65BC227629D7A94E0082C401 /* Airplane Cabin.caf in Resources */ = {isa = PBXBuildFile; fileRef = 65BC226829D7A94D0082C401 /* Airplane Cabin.caf */; };
		65BC227729D7A94E0082C401 /* Tornado.caf in Resources */ = {isa = PBXBuildFile; fileRef = 65BC226929D7A94D0082C401 /* Tornado.caf */; };
		65BC227829D7A94E0082C401 /* Wind.caf in Resources */ = {isa = PBXBuildFile; fileRef = 65BC226A29D7A94D0082C401 /* Wind.caf */; };
		65BC227929D7A94E0082C401 /* Uterus.caf in Resources */ = {isa = PBXBuildFile; fileRef = 65BC226B29D7A94E0082C401 /* Uterus.caf */; };
		65BC227A29D7A94E0082C401 /* Waterfall.caf in Resources */ = {isa = PBXBuildFile; fileRef = 65BC226C29D7A94E0082C401 /* Waterfall.caf */; };
		65BC227B29D7A94E0082C401 /* Nature.caf in Resources */ = {isa = PBXBuildFile; fileRef = 65BC226D29D7A94E0082C401 /* Nature.caf */; };
		65BC227C29D7A94E0082C401 /* Rain.caf in Resources */ = {isa = PBXBuildFile; fileRef = 65BC226E29D7A94E0082C401 /* Rain.caf */; };
		65BC227D29D7A94E0082C401 /* White Noise.caf in Resources */ = {isa = PBXBuildFile; fileRef = 65BC226F29D7A94E0082C401 /* White Noise.caf */; };
		65BC227E29D7A94E0082C401 /* Running Water.caf in Resources */ = {isa = PBXBuildFile; fileRef = 65BC227029D7A94E0082C401 /* Running Water.caf */; };
		65C5AF7F299C065D002D3F06 /* RectangleButtonView.swift in Sources */ = {isa = PBXBuildFile; fileRef = 65C5AF7E299C065D002D3F06 /* RectangleButtonView.swift */; };
		65E36CD729B784CE006D953E /* ViewModel.swift in Sources */ = {isa = PBXBuildFile; fileRef = 65E36CD629B784CE006D953E /* ViewModel.swift */; };
		65EF6A2D2A243325006D94C0 /* HapticsManager.swift in Sources */ = {isa = PBXBuildFile; fileRef = 65EF6A2C2A243325006D94C0 /* HapticsManager.swift */; };
		65F0B02B2A24DCE5006A37D6 /* UserDefaultKeys.swift in Sources */ = {isa = PBXBuildFile; fileRef = 65F0B02A2A24DCE5006A37D6 /* UserDefaultKeys.swift */; };
		65F8274D29B17D7F007CC823 /* Utils.swift in Sources */ = {isa = PBXBuildFile; fileRef = 65F8274C29B17D7F007CC823 /* Utils.swift */; };
/* End PBXBuildFile section */

/* Begin PBXFileReference section */
		6528E12729EE188100A0C70F /* SettingsRowView.swift */ = {isa = PBXFileReference; lastKnownFileType = sourcecode.swift; name = SettingsRowView.swift; path = DeepSleep/App/SettingsRowView.swift; sourceTree = SOURCE_ROOT; };
		653F270C29E6E4B00004FB75 /* LaunchView.swift */ = {isa = PBXFileReference; lastKnownFileType = sourcecode.swift; path = LaunchView.swift; sourceTree = "<group>"; };
		6560708829A6A36900C188E5 /* InnerRectangleButtonView.swift */ = {isa = PBXFileReference; fileEncoding = 4; lastKnownFileType = sourcecode.swift; path = InnerRectangleButtonView.swift; sourceTree = "<group>"; };
		657C7F8929E631B300E065A3 /* LaunchScreen.swift */ = {isa = PBXFileReference; lastKnownFileType = sourcecode.swift; path = LaunchScreen.swift; sourceTree = "<group>"; };
		657C7F8B29E6B6C600E065A3 /* LaunchScreen.storyboard */ = {isa = PBXFileReference; lastKnownFileType = file.storyboard; path = LaunchScreen.storyboard; sourceTree = "<group>"; };
		659C512229F6DA0900168F1D /* en */ = {isa = PBXFileReference; lastKnownFileType = text.plist.strings; name = en; path = en.lproj/Localizable.strings; sourceTree = "<group>"; };
		659C512429F6DA0A00168F1D /* pt-BR */ = {isa = PBXFileReference; lastKnownFileType = text.plist.strings; name = "pt-BR"; path = "pt-BR.lproj/Localizable.strings"; sourceTree = "<group>"; };
		65A8F3B629A98CA80011C5CB /* Info.plist */ = {isa = PBXFileReference; lastKnownFileType = text.plist; path = Info.plist; sourceTree = "<group>"; };
		65B32BBA299AA2D9002AEED9 /* DeepSleep.app */ = {isa = PBXFileReference; explicitFileType = wrapper.application; includeInIndex = 0; path = DeepSleep.app; sourceTree = BUILT_PRODUCTS_DIR; };
		65B32BBD299AA2D9002AEED9 /* DeepSleepApp.swift */ = {isa = PBXFileReference; lastKnownFileType = sourcecode.swift; path = DeepSleepApp.swift; sourceTree = "<group>"; };
		65B32BBF299AA2D9002AEED9 /* ContentView.swift */ = {isa = PBXFileReference; lastKnownFileType = sourcecode.swift; path = ContentView.swift; sourceTree = "<group>"; };
		65B32BC1299AA2DA002AEED9 /* Assets.xcassets */ = {isa = PBXFileReference; lastKnownFileType = folder.assetcatalog; path = Assets.xcassets; sourceTree = "<group>"; };
		65B32BC4299AA2DA002AEED9 /* Preview Assets.xcassets */ = {isa = PBXFileReference; lastKnownFileType = folder.assetcatalog; path = "Preview Assets.xcassets"; sourceTree = "<group>"; };
		65B8CC6C299E2A4100E1FB44 /* Model.swift */ = {isa = PBXFileReference; lastKnownFileType = sourcecode.swift; path = Model.swift; sourceTree = "<group>"; };
		65B9822629EB210C00D0C101 /* SettingsView.swift */ = {isa = PBXFileReference; lastKnownFileType = sourcecode.swift; path = SettingsView.swift; sourceTree = "<group>"; };
		65BC226329D7A94C0082C401 /* Ocean.caf */ = {isa = PBXFileReference; lastKnownFileType = file; path = Ocean.caf; sourceTree = "<group>"; };
		65BC226429D7A94C0082C401 /* Pink Noise.caf */ = {isa = PBXFileReference; lastKnownFileType = file; path = "Pink Noise.caf"; sourceTree = "<group>"; };
		65BC226529D7A94C0082C401 /* Fire.caf */ = {isa = PBXFileReference; lastKnownFileType = file; path = Fire.caf; sourceTree = "<group>"; };
		65BC226629D7A94D0082C401 /* Rain Wind.caf */ = {isa = PBXFileReference; lastKnownFileType = file; path = "Rain Wind.caf"; sourceTree = "<group>"; };
		65BC226729D7A94D0082C401 /* Forest River.caf */ = {isa = PBXFileReference; lastKnownFileType = file; path = "Forest River.caf"; sourceTree = "<group>"; };
		65BC226829D7A94D0082C401 /* Airplane Cabin.caf */ = {isa = PBXFileReference; lastKnownFileType = file; path = "Airplane Cabin.caf"; sourceTree = "<group>"; };
		65BC226929D7A94D0082C401 /* Tornado.caf */ = {isa = PBXFileReference; lastKnownFileType = file; path = Tornado.caf; sourceTree = "<group>"; };
		65BC226A29D7A94D0082C401 /* Wind.caf */ = {isa = PBXFileReference; lastKnownFileType = file; path = Wind.caf; sourceTree = "<group>"; };
		65BC226B29D7A94E0082C401 /* Uterus.caf */ = {isa = PBXFileReference; lastKnownFileType = file; path = Uterus.caf; sourceTree = "<group>"; };
		65BC226C29D7A94E0082C401 /* Waterfall.caf */ = {isa = PBXFileReference; lastKnownFileType = file; path = Waterfall.caf; sourceTree = "<group>"; };
		65BC226D29D7A94E0082C401 /* Nature.caf */ = {isa = PBXFileReference; lastKnownFileType = file; path = Nature.caf; sourceTree = "<group>"; };
		65BC226E29D7A94E0082C401 /* Rain.caf */ = {isa = PBXFileReference; lastKnownFileType = file; path = Rain.caf; sourceTree = "<group>"; };
		65BC226F29D7A94E0082C401 /* White Noise.caf */ = {isa = PBXFileReference; lastKnownFileType = file; path = "White Noise.caf"; sourceTree = "<group>"; };
		65BC227029D7A94E0082C401 /* Running Water.caf */ = {isa = PBXFileReference; lastKnownFileType = file; path = "Running Water.caf"; sourceTree = "<group>"; };
		65C5AF7E299C065D002D3F06 /* RectangleButtonView.swift */ = {isa = PBXFileReference; lastKnownFileType = sourcecode.swift; path = RectangleButtonView.swift; sourceTree = "<group>"; };
		65E36CD629B784CE006D953E /* ViewModel.swift */ = {isa = PBXFileReference; lastKnownFileType = sourcecode.swift; path = ViewModel.swift; sourceTree = "<group>"; };
		65EF6A2C2A243325006D94C0 /* HapticsManager.swift */ = {isa = PBXFileReference; lastKnownFileType = sourcecode.swift; path = HapticsManager.swift; sourceTree = "<group>"; };
		65F0B02A2A24DCE5006A37D6 /* UserDefaultKeys.swift */ = {isa = PBXFileReference; lastKnownFileType = sourcecode.swift; path = UserDefaultKeys.swift; sourceTree = "<group>"; };
		65F8274C29B17D7F007CC823 /* Utils.swift */ = {isa = PBXFileReference; lastKnownFileType = sourcecode.swift; path = Utils.swift; sourceTree = "<group>"; };
/* End PBXFileReference section */

/* Begin PBXFrameworksBuildPhase section */
		65B32BB7299AA2D9002AEED9 /* Frameworks */ = {
			isa = PBXFrameworksBuildPhase;
			buildActionMask = 2147483647;
			files = (
			);
			runOnlyForDeploymentPostprocessing = 0;
		};
/* End PBXFrameworksBuildPhase section */

/* Begin PBXGroup section */
		656D5D8829B1346500179D50 /* Views */ = {
			isa = PBXGroup;
			children = (
				65B9822629EB210C00D0C101 /* SettingsView.swift */,
				6528E12729EE188100A0C70F /* SettingsRowView.swift */,
				65B32BBF299AA2D9002AEED9 /* ContentView.swift */,
				65C5AF7E299C065D002D3F06 /* RectangleButtonView.swift */,
				6560708829A6A36900C188E5 /* InnerRectangleButtonView.swift */,
				657C7F8929E631B300E065A3 /* LaunchScreen.swift */,
				653F270C29E6E4B00004FB75 /* LaunchView.swift */,
			);
			path = Views;
			sourceTree = "<group>";
		};
		65B32BB1299AA2D9002AEED9 = {
			isa = PBXGroup;
			children = (
				65B32BBC299AA2D9002AEED9 /* DeepSleep */,
				65B32BBB299AA2D9002AEED9 /* Products */,
			);
			sourceTree = "<group>";
		};
		65B32BBB299AA2D9002AEED9 /* Products */ = {
			isa = PBXGroup;
			children = (
				65B32BBA299AA2D9002AEED9 /* DeepSleep.app */,
			);
			name = Products;
			sourceTree = "<group>";
		};
		65B32BBC299AA2D9002AEED9 /* DeepSleep */ = {
			isa = PBXGroup;
			children = (
				65B9822529EB20C500D0C101 /* Data */,
				65B9822429EB20B100D0C101 /* App */,
				65BC226229D7A9210082C401 /* Sounds File */,
				656D5D8829B1346500179D50 /* Views */,
				65B32BC1299AA2DA002AEED9 /* Assets.xcassets */,
				65A8F3B629A98CA80011C5CB /* Info.plist */,
				65B32BC3299AA2DA002AEED9 /* Preview Content */,
			);
			path = DeepSleep;
			sourceTree = "<group>";
		};
		65B32BC3299AA2DA002AEED9 /* Preview Content */ = {
			isa = PBXGroup;
			children = (
				65B32BC4299AA2DA002AEED9 /* Preview Assets.xcassets */,
			);
			path = "Preview Content";
			sourceTree = "<group>";
		};
		65B9822429EB20B100D0C101 /* App */ = {
			isa = PBXGroup;
			children = (
				65B32BBD299AA2D9002AEED9 /* DeepSleepApp.swift */,
				65EF6A2C2A243325006D94C0 /* HapticsManager.swift */,
				657C7F8B29E6B6C600E065A3 /* LaunchScreen.storyboard */,
				659C512329F6DA0900168F1D /* Localizable.strings */,
				65F0B02A2A24DCE5006A37D6 /* UserDefaultKeys.swift */,
			);
			path = App;
			sourceTree = "<group>";
		};
		65B9822529EB20C500D0C101 /* Data */ = {
			isa = PBXGroup;
			children = (
				65F8274C29B17D7F007CC823 /* Utils.swift */,
				65B8CC6C299E2A4100E1FB44 /* Model.swift */,
				65E36CD629B784CE006D953E /* ViewModel.swift */,
			);
			path = Data;
			sourceTree = "<group>";
		};
		65BC226229D7A9210082C401 /* Sounds File */ = {
			isa = PBXGroup;
			children = (
				65BC226829D7A94D0082C401 /* Airplane Cabin.caf */,
				65BC226529D7A94C0082C401 /* Fire.caf */,
				65BC226729D7A94D0082C401 /* Forest River.caf */,
				65BC226D29D7A94E0082C401 /* Nature.caf */,
				65BC226329D7A94C0082C401 /* Ocean.caf */,
				65BC226429D7A94C0082C401 /* Pink Noise.caf */,
				65BC226629D7A94D0082C401 /* Rain Wind.caf */,
				65BC226E29D7A94E0082C401 /* Rain.caf */,
				65BC227029D7A94E0082C401 /* Running Water.caf */,
				65BC226929D7A94D0082C401 /* Tornado.caf */,
				65BC226B29D7A94E0082C401 /* Uterus.caf */,
				65BC226C29D7A94E0082C401 /* Waterfall.caf */,
				65BC226F29D7A94E0082C401 /* White Noise.caf */,
				65BC226A29D7A94D0082C401 /* Wind.caf */,
			);
			path = "Sounds File";
			sourceTree = "<group>";
		};
/* End PBXGroup section */

/* Begin PBXNativeTarget section */
		65B32BB9299AA2D9002AEED9 /* DeepSleep */ = {
			isa = PBXNativeTarget;
			buildConfigurationList = 65B32BDE299AA2DB002AEED9 /* Build configuration list for PBXNativeTarget "DeepSleep" */;
			buildPhases = (
				65B32BB6299AA2D9002AEED9 /* Sources */,
				65B32BB7299AA2D9002AEED9 /* Frameworks */,
				65B32BB8299AA2D9002AEED9 /* Resources */,
			);
			buildRules = (
			);
			dependencies = (
			);
			name = DeepSleep;
			packageProductDependencies = (
			);
			productName = DeepSleep;
			productReference = 65B32BBA299AA2D9002AEED9 /* DeepSleep.app */;
			productType = "com.apple.product-type.application";
		};
/* End PBXNativeTarget section */

/* Begin PBXProject section */
		65B32BB2299AA2D9002AEED9 /* Project object */ = {
			isa = PBXProject;
			attributes = {
				BuildIndependentTargetsInParallel = 1;
				LastSwiftUpdateCheck = 1420;
				LastUpgradeCheck = 1420;
				TargetAttributes = {
					65B32BB9299AA2D9002AEED9 = {
						CreatedOnToolsVersion = 14.2;
					};
				};
			};
			buildConfigurationList = 65B32BB5299AA2D9002AEED9 /* Build configuration list for PBXProject "DeepSleep" */;
			compatibilityVersion = "Xcode 13.0";
			developmentRegion = en;
			hasScannedForEncodings = 0;
			knownRegions = (
				en,
				Base,
				"pt-BR",
			);
			mainGroup = 65B32BB1299AA2D9002AEED9;
			packageReferences = (
			);
			productRefGroup = 65B32BBB299AA2D9002AEED9 /* Products */;
			projectDirPath = "";
			projectRoot = "";
			targets = (
				65B32BB9299AA2D9002AEED9 /* DeepSleep */,
			);
		};
/* End PBXProject section */

/* Begin PBXResourcesBuildPhase section */
		65B32BB8299AA2D9002AEED9 /* Resources */ = {
			isa = PBXResourcesBuildPhase;
			buildActionMask = 2147483647;
			files = (
				65BC227D29D7A94E0082C401 /* White Noise.caf in Resources */,
				65B32BC5299AA2DA002AEED9 /* Preview Assets.xcassets in Resources */,
				65B32BC2299AA2DA002AEED9 /* Assets.xcassets in Resources */,
				65BC227229D7A94E0082C401 /* Pink Noise.caf in Resources */,
				65BC227A29D7A94E0082C401 /* Waterfall.caf in Resources */,
				65BC227C29D7A94E0082C401 /* Rain.caf in Resources */,
				65BC227629D7A94E0082C401 /* Airplane Cabin.caf in Resources */,
				657C7F8C29E6B6C600E065A3 /* LaunchScreen.storyboard in Resources */,
				65BC227829D7A94E0082C401 /* Wind.caf in Resources */,
				65BC227729D7A94E0082C401 /* Tornado.caf in Resources */,
				65BC227129D7A94E0082C401 /* Ocean.caf in Resources */,
				65BC227329D7A94E0082C401 /* Fire.caf in Resources */,
				65BC227529D7A94E0082C401 /* Forest River.caf in Resources */,
				659C512129F6DA0900168F1D /* Localizable.strings in Resources */,
				65BC227429D7A94E0082C401 /* Rain Wind.caf in Resources */,
				65BC227E29D7A94E0082C401 /* Running Water.caf in Resources */,
				65BC227929D7A94E0082C401 /* Uterus.caf in Resources */,
				65BC227B29D7A94E0082C401 /* Nature.caf in Resources */,
			);
			runOnlyForDeploymentPostprocessing = 0;
		};
/* End PBXResourcesBuildPhase section */

/* Begin PBXSourcesBuildPhase section */
		65B32BB6299AA2D9002AEED9 /* Sources */ = {
			isa = PBXSourcesBuildPhase;
			buildActionMask = 2147483647;
			files = (
				657C7F8A29E631B300E065A3 /* LaunchScreen.swift in Sources */,
				65B8CC6D299E2A4100E1FB44 /* Model.swift in Sources */,
				65B32BC0299AA2D9002AEED9 /* ContentView.swift in Sources */,
				65F0B02B2A24DCE5006A37D6 /* UserDefaultKeys.swift in Sources */,
				65B32BBE299AA2D9002AEED9 /* DeepSleepApp.swift in Sources */,
				65C5AF7F299C065D002D3F06 /* RectangleButtonView.swift in Sources */,
				65B9822729EB210C00D0C101 /* SettingsView.swift in Sources */,
				6560708929A6A36900C188E5 /* InnerRectangleButtonView.swift in Sources */,
				6528E12829EE188100A0C70F /* SettingsRowView.swift in Sources */,
				65E36CD729B784CE006D953E /* ViewModel.swift in Sources */,
				653F270D29E6E4B00004FB75 /* LaunchView.swift in Sources */,
				65EF6A2D2A243325006D94C0 /* HapticsManager.swift in Sources */,
				65F8274D29B17D7F007CC823 /* Utils.swift in Sources */,
			);
			runOnlyForDeploymentPostprocessing = 0;
		};
/* End PBXSourcesBuildPhase section */

/* Begin PBXVariantGroup section */
		659C512329F6DA0900168F1D /* Localizable.strings */ = {
			isa = PBXVariantGroup;
			children = (
				659C512229F6DA0900168F1D /* en */,
				659C512429F6DA0A00168F1D /* pt-BR */,
			);
			name = Localizable.strings;
			sourceTree = "<group>";
		};
/* End PBXVariantGroup section */

/* Begin XCBuildConfiguration section */
		65B32BDC299AA2DB002AEED9 /* Debug */ = {
			isa = XCBuildConfiguration;
			buildSettings = {
				ALWAYS_SEARCH_USER_PATHS = NO;
				CLANG_ANALYZER_LOCALIZABILITY_NONLOCALIZED = YES;
				CLANG_ANALYZER_NONNULL = YES;
				CLANG_ANALYZER_NUMBER_OBJECT_CONVERSION = YES_AGGRESSIVE;
				CLANG_CXX_LANGUAGE_STANDARD = "gnu++20";
				CLANG_ENABLE_MODULES = YES;
				CLANG_ENABLE_OBJC_ARC = YES;
				CLANG_ENABLE_OBJC_WEAK = YES;
				CLANG_WARN_BLOCK_CAPTURE_AUTORELEASING = YES;
				CLANG_WARN_BOOL_CONVERSION = YES;
				CLANG_WARN_COMMA = YES;
				CLANG_WARN_CONSTANT_CONVERSION = YES;
				CLANG_WARN_DEPRECATED_OBJC_IMPLEMENTATIONS = YES;
				CLANG_WARN_DIRECT_OBJC_ISA_USAGE = YES_ERROR;
				CLANG_WARN_DOCUMENTATION_COMMENTS = YES;
				CLANG_WARN_EMPTY_BODY = YES;
				CLANG_WARN_ENUM_CONVERSION = YES;
				CLANG_WARN_INFINITE_RECURSION = YES;
				CLANG_WARN_INT_CONVERSION = YES;
				CLANG_WARN_NON_LITERAL_NULL_CONVERSION = YES;
				CLANG_WARN_OBJC_IMPLICIT_RETAIN_SELF = YES;
				CLANG_WARN_OBJC_LITERAL_CONVERSION = YES;
				CLANG_WARN_OBJC_ROOT_CLASS = YES_ERROR;
				CLANG_WARN_QUOTED_INCLUDE_IN_FRAMEWORK_HEADER = YES;
				CLANG_WARN_RANGE_LOOP_ANALYSIS = YES;
				CLANG_WARN_STRICT_PROTOTYPES = YES;
				CLANG_WARN_SUSPICIOUS_MOVE = YES;
				CLANG_WARN_UNGUARDED_AVAILABILITY = YES_AGGRESSIVE;
				CLANG_WARN_UNREACHABLE_CODE = YES;
				CLANG_WARN__DUPLICATE_METHOD_MATCH = YES;
				COPY_PHASE_STRIP = NO;
				DEBUG_INFORMATION_FORMAT = dwarf;
				ENABLE_STRICT_OBJC_MSGSEND = YES;
				ENABLE_TESTABILITY = YES;
				GCC_C_LANGUAGE_STANDARD = gnu11;
				GCC_DYNAMIC_NO_PIC = NO;
				GCC_NO_COMMON_BLOCKS = YES;
				GCC_OPTIMIZATION_LEVEL = 0;
				GCC_PREPROCESSOR_DEFINITIONS = (
					"DEBUG=1",
					"$(inherited)",
				);
				GCC_WARN_64_TO_32_BIT_CONVERSION = YES;
				GCC_WARN_ABOUT_RETURN_TYPE = YES_ERROR;
				GCC_WARN_UNDECLARED_SELECTOR = YES;
				GCC_WARN_UNINITIALIZED_AUTOS = YES_AGGRESSIVE;
				GCC_WARN_UNUSED_FUNCTION = YES;
				GCC_WARN_UNUSED_VARIABLE = YES;
				IPHONEOS_DEPLOYMENT_TARGET = 14.7;
				MTL_ENABLE_DEBUG_INFO = INCLUDE_SOURCE;
				MTL_FAST_MATH = YES;
				ONLY_ACTIVE_ARCH = YES;
				SDKROOT = iphoneos;
				SWIFT_ACTIVE_COMPILATION_CONDITIONS = DEBUG;
				SWIFT_OPTIMIZATION_LEVEL = "-Onone";
			};
			name = Debug;
		};
		65B32BDD299AA2DB002AEED9 /* Release */ = {
			isa = XCBuildConfiguration;
			buildSettings = {
				ALWAYS_SEARCH_USER_PATHS = NO;
				CLANG_ANALYZER_LOCALIZABILITY_NONLOCALIZED = YES;
				CLANG_ANALYZER_NONNULL = YES;
				CLANG_ANALYZER_NUMBER_OBJECT_CONVERSION = YES_AGGRESSIVE;
				CLANG_CXX_LANGUAGE_STANDARD = "gnu++20";
				CLANG_ENABLE_MODULES = YES;
				CLANG_ENABLE_OBJC_ARC = YES;
				CLANG_ENABLE_OBJC_WEAK = YES;
				CLANG_WARN_BLOCK_CAPTURE_AUTORELEASING = YES;
				CLANG_WARN_BOOL_CONVERSION = YES;
				CLANG_WARN_COMMA = YES;
				CLANG_WARN_CONSTANT_CONVERSION = YES;
				CLANG_WARN_DEPRECATED_OBJC_IMPLEMENTATIONS = YES;
				CLANG_WARN_DIRECT_OBJC_ISA_USAGE = YES_ERROR;
				CLANG_WARN_DOCUMENTATION_COMMENTS = YES;
				CLANG_WARN_EMPTY_BODY = YES;
				CLANG_WARN_ENUM_CONVERSION = YES;
				CLANG_WARN_INFINITE_RECURSION = YES;
				CLANG_WARN_INT_CONVERSION = YES;
				CLANG_WARN_NON_LITERAL_NULL_CONVERSION = YES;
				CLANG_WARN_OBJC_IMPLICIT_RETAIN_SELF = YES;
				CLANG_WARN_OBJC_LITERAL_CONVERSION = YES;
				CLANG_WARN_OBJC_ROOT_CLASS = YES_ERROR;
				CLANG_WARN_QUOTED_INCLUDE_IN_FRAMEWORK_HEADER = YES;
				CLANG_WARN_RANGE_LOOP_ANALYSIS = YES;
				CLANG_WARN_STRICT_PROTOTYPES = YES;
				CLANG_WARN_SUSPICIOUS_MOVE = YES;
				CLANG_WARN_UNGUARDED_AVAILABILITY = YES_AGGRESSIVE;
				CLANG_WARN_UNREACHABLE_CODE = YES;
				CLANG_WARN__DUPLICATE_METHOD_MATCH = YES;
				COPY_PHASE_STRIP = NO;
				DEBUG_INFORMATION_FORMAT = "dwarf-with-dsym";
				ENABLE_NS_ASSERTIONS = NO;
				ENABLE_STRICT_OBJC_MSGSEND = YES;
				GCC_C_LANGUAGE_STANDARD = gnu11;
				GCC_NO_COMMON_BLOCKS = YES;
				GCC_WARN_64_TO_32_BIT_CONVERSION = YES;
				GCC_WARN_ABOUT_RETURN_TYPE = YES_ERROR;
				GCC_WARN_UNDECLARED_SELECTOR = YES;
				GCC_WARN_UNINITIALIZED_AUTOS = YES_AGGRESSIVE;
				GCC_WARN_UNUSED_FUNCTION = YES;
				GCC_WARN_UNUSED_VARIABLE = YES;
				IPHONEOS_DEPLOYMENT_TARGET = 14.7;
				MTL_ENABLE_DEBUG_INFO = NO;
				MTL_FAST_MATH = YES;
				SDKROOT = iphoneos;
				SWIFT_COMPILATION_MODE = wholemodule;
				SWIFT_OPTIMIZATION_LEVEL = "-O";
				VALIDATE_PRODUCT = YES;
			};
			name = Release;
		};
		65B32BDF299AA2DB002AEED9 /* Debug */ = {
			isa = XCBuildConfiguration;
			buildSettings = {
				ASSETCATALOG_COMPILER_APPICON_NAME = AppIcon;
				ASSETCATALOG_COMPILER_GLOBAL_ACCENT_COLOR_NAME = AccentColor;
				ASSETCATALOG_COMPILER_INCLUDE_ALL_APPICON_ASSETS = NO;
				CODE_SIGN_STYLE = Automatic;
				CURRENT_PROJECT_VERSION = 1.1.7;
				DEVELOPMENT_ASSET_PATHS = "\"DeepSleep/Preview Content\"";
				DEVELOPMENT_TEAM = 4HPPGS6GJD;
				ENABLE_PREVIEWS = YES;
				GENERATE_INFOPLIST_FILE = YES;
				INFOPLIST_FILE = DeepSleep/Info.plist;
				INFOPLIST_KEY_CFBundleDisplayName = DeepSleep;
				INFOPLIST_KEY_LSApplicationCategoryType = "public.app-category.medical";
				INFOPLIST_KEY_NSAppleMusicUsageDescription = "Permitir o acesso à biblioteca de mídia para reproduzir músicas";
				INFOPLIST_KEY_NSMicrophoneUsageDescription = "Permitir o acesso ao microfone para gravar áudio";
				INFOPLIST_KEY_NSMotionUsageDescription = "Permitir o acesso aos sensores do dispositivo para detectar movimentos";
				INFOPLIST_KEY_UIApplicationSupportsIndirectInputEvents = YES;
				INFOPLIST_KEY_UILaunchStoryboardName = LaunchScreen.storyboard;
				INFOPLIST_KEY_UISupportedInterfaceOrientations = UIInterfaceOrientationPortrait;
				IPHONEOS_DEPLOYMENT_TARGET = 14.7;
				LD_RUNPATH_SEARCH_PATHS = (
					"$(inherited)",
					"@executable_path/Frameworks",
				);
				MARKETING_VERSION = 1.1.0;
				PRODUCT_BUNDLE_IDENTIFIER = silva.fredson.DeepSleep;
				PRODUCT_NAME = "$(TARGET_NAME)";
				SUPPORTED_PLATFORMS = "iphoneos iphonesimulator";
				SUPPORTS_MACCATALYST = NO;
				SUPPORTS_MAC_DESIGNED_FOR_IPHONE_IPAD = NO;
				SWIFT_EMIT_LOC_STRINGS = YES;
				SWIFT_VERSION = 5.0;
				TARGETED_DEVICE_FAMILY = 1;
			};
			name = Debug;
		};
		65B32BE0299AA2DB002AEED9 /* Release */ = {
			isa = XCBuildConfiguration;
			buildSettings = {
				ASSETCATALOG_COMPILER_APPICON_NAME = AppIcon;
				ASSETCATALOG_COMPILER_GLOBAL_ACCENT_COLOR_NAME = AccentColor;
				ASSETCATALOG_COMPILER_INCLUDE_ALL_APPICON_ASSETS = NO;
				CODE_SIGN_STYLE = Automatic;
				CURRENT_PROJECT_VERSION = 1.1.7;
				DEVELOPMENT_ASSET_PATHS = "\"DeepSleep/Preview Content\"";
				DEVELOPMENT_TEAM = 4HPPGS6GJD;
				ENABLE_PREVIEWS = YES;
				GENERATE_INFOPLIST_FILE = YES;
				INFOPLIST_FILE = DeepSleep/Info.plist;
				INFOPLIST_KEY_CFBundleDisplayName = DeepSleep;
				INFOPLIST_KEY_LSApplicationCategoryType = "public.app-category.medical";
				INFOPLIST_KEY_NSAppleMusicUsageDescription = "Permitir o acesso à biblioteca de mídia para reproduzir músicas";
				INFOPLIST_KEY_NSMicrophoneUsageDescription = "Permitir o acesso ao microfone para gravar áudio";
				INFOPLIST_KEY_NSMotionUsageDescription = "Permitir o acesso aos sensores do dispositivo para detectar movimentos";
				INFOPLIST_KEY_UIApplicationSupportsIndirectInputEvents = YES;
				INFOPLIST_KEY_UILaunchStoryboardName = LaunchScreen.storyboard;
				INFOPLIST_KEY_UISupportedInterfaceOrientations = UIInterfaceOrientationPortrait;
				IPHONEOS_DEPLOYMENT_TARGET = 14.7;
				LD_RUNPATH_SEARCH_PATHS = (
					"$(inherited)",
					"@executable_path/Frameworks",
				);
				MARKETING_VERSION = 1.1.0;
				PRODUCT_BUNDLE_IDENTIFIER = silva.fredson.DeepSleep;
				PRODUCT_NAME = "$(TARGET_NAME)";
				SUPPORTED_PLATFORMS = "iphoneos iphonesimulator";
				SUPPORTS_MACCATALYST = NO;
				SUPPORTS_MAC_DESIGNED_FOR_IPHONE_IPAD = NO;
				SWIFT_EMIT_LOC_STRINGS = YES;
				SWIFT_VERSION = 5.0;
				TARGETED_DEVICE_FAMILY = 1;
			};
			name = Release;
		};
/* End XCBuildConfiguration section */

/* Begin XCConfigurationList section */
		65B32BB5299AA2D9002AEED9 /* Build configuration list for PBXProject "DeepSleep" */ = {
			isa = XCConfigurationList;
			buildConfigurations = (
				65B32BDC299AA2DB002AEED9 /* Debug */,
				65B32BDD299AA2DB002AEED9 /* Release */,
			);
			defaultConfigurationIsVisible = 0;
			defaultConfigurationName = Release;
		};
		65B32BDE299AA2DB002AEED9 /* Build configuration list for PBXNativeTarget "DeepSleep" */ = {
			isa = XCConfigurationList;
			buildConfigurations = (
				65B32BDF299AA2DB002AEED9 /* Debug */,
				65B32BE0299AA2DB002AEED9 /* Release */,
			);
			defaultConfigurationIsVisible = 0;
			defaultConfigurationName = Release;
		};
/* End XCConfigurationList section */
	};
	rootObject = 65B32BB2299AA2D9002AEED9 /* Project object */;
}
