// !$*UTF8*$!
{
	archiveVersion = 1;
	classes = {
	};
	objectVersion = 56;
	objects = {

/* Begin PBXBuildFile section */
		65B32BBE299AA2D9002AEED9 /* DeepSleepApp.swift in Sources */ = {isa = PBXBuildFile; fileRef = 65B32BBD299AA2D9002AEED9 /* DeepSleepApp.swift */; };
		65B32BC0299AA2D9002AEED9 /* ContentView.swift in Sources */ = {isa = PBXBuildFile; fileRef = 65B32BBF299AA2D9002AEED9 /* ContentView.swift */; };
		65B32BC2299AA2DA002AEED9 /* Assets.xcassets in Resources */ = {isa = PBXBuildFile; fileRef = 65B32BC1299AA2DA002AEED9 /* Assets.xcassets */; };
		65B32BC5299AA2DA002AEED9 /* Preview Assets.xcassets in Resources */ = {isa = PBXBuildFile; fileRef = 65B32BC4299AA2DA002AEED9 /* Preview Assets.xcassets */; };
		65B32BCF299AA2DB002AEED9 /* DeepSleepTests.swift in Sources */ = {isa = PBXBuildFile; fileRef = 65B32BCE299AA2DB002AEED9 /* DeepSleepTests.swift */; };
		65B32BD9299AA2DB002AEED9 /* DeepSleepUITests.swift in Sources */ = {isa = PBXBuildFile; fileRef = 65B32BD8299AA2DB002AEED9 /* DeepSleepUITests.swift */; };
		65B32BDB299AA2DB002AEED9 /* DeepSleepUITestsLaunchTests.swift in Sources */ = {isa = PBXBuildFile; fileRef = 65B32BDA299AA2DB002AEED9 /* DeepSleepUITestsLaunchTests.swift */; };
/* End PBXBuildFile section */

/* Begin PBXContainerItemProxy section */
		65B32BCB299AA2DB002AEED9 /* PBXContainerItemProxy */ = {
			isa = PBXContainerItemProxy;
			containerPortal = 65B32BB2299AA2D9002AEED9 /* Project object */;
			proxyType = 1;
			remoteGlobalIDString = 65B32BB9299AA2D9002AEED9;
			remoteInfo = DeepSleep;
		};
		65B32BD5299AA2DB002AEED9 /* PBXContainerItemProxy */ = {
			isa = PBXContainerItemProxy;
			containerPortal = 65B32BB2299AA2D9002AEED9 /* Project object */;
			proxyType = 1;
			remoteGlobalIDString = 65B32BB9299AA2D9002AEED9;
			remoteInfo = DeepSleep;
		};
/* End PBXContainerItemProxy section */

/* Begin PBXFileReference section */
		65B32BBA299AA2D9002AEED9 /* DeepSleep.app */ = {isa = PBXFileReference; explicitFileType = wrapper.application; includeInIndex = 0; path = DeepSleep.app; sourceTree = BUILT_PRODUCTS_DIR; };
		65B32BBD299AA2D9002AEED9 /* DeepSleepApp.swift */ = {isa = PBXFileReference; lastKnownFileType = sourcecode.swift; path = DeepSleepApp.swift; sourceTree = "<group>"; };
		65B32BBF299AA2D9002AEED9 /* ContentView.swift */ = {isa = PBXFileReference; lastKnownFileType = sourcecode.swift; path = ContentView.swift; sourceTree = "<group>"; };
		65B32BC1299AA2DA002AEED9 /* Assets.xcassets */ = {isa = PBXFileReference; lastKnownFileType = folder.assetcatalog; path = Assets.xcassets; sourceTree = "<group>"; };
		65B32BC4299AA2DA002AEED9 /* Preview Assets.xcassets */ = {isa = PBXFileReference; lastKnownFileType = folder.assetcatalog; path = "Preview Assets.xcassets"; sourceTree = "<group>"; };
		65B32BCA299AA2DB002AEED9 /* DeepSleepTests.xctest */ = {isa = PBXFileReference; explicitFileType = wrapper.cfbundle; includeInIndex = 0; path = DeepSleepTests.xctest; sourceTree = BUILT_PRODUCTS_DIR; };
		65B32BCE299AA2DB002AEED9 /* DeepSleepTests.swift */ = {isa = PBXFileReference; lastKnownFileType = sourcecode.swift; path = DeepSleepTests.swift; sourceTree = "<group>"; };
		65B32BD4299AA2DB002AEED9 /* DeepSleepUITests.xctest */ = {isa = PBXFileReference; explicitFileType = wrapper.cfbundle; includeInIndex = 0; path = DeepSleepUITests.xctest; sourceTree = BUILT_PRODUCTS_DIR; };
		65B32BD8299AA2DB002AEED9 /* DeepSleepUITests.swift */ = {isa = PBXFileReference; lastKnownFileType = sourcecode.swift; path = DeepSleepUITests.swift; sourceTree = "<group>"; };
		65B32BDA299AA2DB002AEED9 /* DeepSleepUITestsLaunchTests.swift */ = {isa = PBXFileReference; lastKnownFileType = sourcecode.swift; path = DeepSleepUITestsLaunchTests.swift; sourceTree = "<group>"; };
/* End PBXFileReference section */

/* Begin PBXFrameworksBuildPhase section */
		65B32BB7299AA2D9002AEED9 /* Frameworks */ = {
			isa = PBXFrameworksBuildPhase;
			buildActionMask = 2147483647;
			files = (
			);
			runOnlyForDeploymentPostprocessing = 0;
		};
		65B32BC7299AA2DB002AEED9 /* Frameworks */ = {
			isa = PBXFrameworksBuildPhase;
			buildActionMask = 2147483647;
			files = (
			);
			runOnlyForDeploymentPostprocessing = 0;
		};
		65B32BD1299AA2DB002AEED9 /* Frameworks */ = {
			isa = PBXFrameworksBuildPhase;
			buildActionMask = 2147483647;
			files = (
			);
			runOnlyForDeploymentPostprocessing = 0;
		};
/* End PBXFrameworksBuildPhase section */

/* Begin PBXGroup section */
		65B32BB1299AA2D9002AEED9 = {
			isa = PBXGroup;
			children = (
				65B32BBC299AA2D9002AEED9 /* DeepSleep */,
				65B32BCD299AA2DB002AEED9 /* DeepSleepTests */,
				65B32BD7299AA2DB002AEED9 /* DeepSleepUITests */,
				65B32BBB299AA2D9002AEED9 /* Products */,
			);
			sourceTree = "<group>";
		};
		65B32BBB299AA2D9002AEED9 /* Products */ = {
			isa = PBXGroup;
			children = (
				65B32BBA299AA2D9002AEED9 /* DeepSleep.app */,
				65B32BCA299AA2DB002AEED9 /* DeepSleepTests.xctest */,
				65B32BD4299AA2DB002AEED9 /* DeepSleepUITests.xctest */,
			);
			name = Products;
			sourceTree = "<group>";
		};
		65B32BBC299AA2D9002AEED9 /* DeepSleep */ = {
			isa = PBXGroup;
			children = (
				65B32BBD299AA2D9002AEED9 /* DeepSleepApp.swift */,
				65B32BBF299AA2D9002AEED9 /* ContentView.swift */,
				65B32BC1299AA2DA002AEED9 /* Assets.xcassets */,
				65B32BC3299AA2DA002AEED9 /* Preview Content */,
			);
			path = DeepSleep;
			sourceTree = "<group>";
		};
		65B32BC3299AA2DA002AEED9 /* Preview Content */ = {
			isa = PBXGroup;
			children = (
				65B32BC4299AA2DA002AEED9 /* Preview Assets.xcassets */,
			);
			path = "Preview Content";
			sourceTree = "<group>";
		};
		65B32BCD299AA2DB002AEED9 /* DeepSleepTests */ = {
			isa = PBXGroup;
			children = (
				65B32BCE299AA2DB002AEED9 /* DeepSleepTests.swift */,
			);
			path = DeepSleepTests;
			sourceTree = "<group>";
		};
		65B32BD7299AA2DB002AEED9 /* DeepSleepUITests */ = {
			isa = PBXGroup;
			children = (
				65B32BD8299AA2DB002AEED9 /* DeepSleepUITests.swift */,
				65B32BDA299AA2DB002AEED9 /* DeepSleepUITestsLaunchTests.swift */,
			);
			path = DeepSleepUITests;
			sourceTree = "<group>";
		};
/* End PBXGroup section */

/* Begin PBXNativeTarget section */
		65B32BB9299AA2D9002AEED9 /* DeepSleep */ = {
			isa = PBXNativeTarget;
			buildConfigurationList = 65B32BDE299AA2DB002AEED9 /* Build configuration list for PBXNativeTarget "DeepSleep" */;
			buildPhases = (
				65B32BB6299AA2D9002AEED9 /* Sources */,
				65B32BB7299AA2D9002AEED9 /* Frameworks */,
				65B32BB8299AA2D9002AEED9 /* Resources */,
			);
			buildRules = (
			);
			dependencies = (
			);
			name = DeepSleep;
			productName = DeepSleep;
			productReference = 65B32BBA299AA2D9002AEED9 /* DeepSleep.app */;
			productType = "com.apple.product-type.application";
		};
		65B32BC9299AA2DB002AEED9 /* DeepSleepTests */ = {
			isa = PBXNativeTarget;
			buildConfigurationList = 65B32BE1299AA2DB002AEED9 /* Build configuration list for PBXNativeTarget "DeepSleepTests" */;
			buildPhases = (
				65B32BC6299AA2DB002AEED9 /* Sources */,
				65B32BC7299AA2DB002AEED9 /* Frameworks */,
				65B32BC8299AA2DB002AEED9 /* Resources */,
			);
			buildRules = (
			);
			dependencies = (
				65B32BCC299AA2DB002AEED9 /* PBXTargetDependency */,
			);
			name = DeepSleepTests;
			productName = DeepSleepTests;
			productReference = 65B32BCA299AA2DB002AEED9 /* DeepSleepTests.xctest */;
			productType = "com.apple.product-type.bundle.unit-test";
		};
		65B32BD3299AA2DB002AEED9 /* DeepSleepUITests */ = {
			isa = PBXNativeTarget;
			buildConfigurationList = 65B32BE4299AA2DB002AEED9 /* Build configuration list for PBXNativeTarget "DeepSleepUITests" */;
			buildPhases = (
				65B32BD0299AA2DB002AEED9 /* Sources */,
				65B32BD1299AA2DB002AEED9 /* Frameworks */,
				65B32BD2299AA2DB002AEED9 /* Resources */,
			);
			buildRules = (
			);
			dependencies = (
				65B32BD6299AA2DB002AEED9 /* PBXTargetDependency */,
			);
			name = DeepSleepUITests;
			productName = DeepSleepUITests;
			productReference = 65B32BD4299AA2DB002AEED9 /* DeepSleepUITests.xctest */;
			productType = "com.apple.product-type.bundle.ui-testing";
		};
/* End PBXNativeTarget section */

/* Begin PBXProject section */
		65B32BB2299AA2D9002AEED9 /* Project object */ = {
			isa = PBXProject;
			attributes = {
				BuildIndependentTargetsInParallel = 1;
				LastSwiftUpdateCheck = 1420;
				LastUpgradeCheck = 1420;
				TargetAttributes = {
					65B32BB9299AA2D9002AEED9 = {
						CreatedOnToolsVersion = 14.2;
					};
					65B32BC9299AA2DB002AEED9 = {
						CreatedOnToolsVersion = 14.2;
						TestTargetID = 65B32BB9299AA2D9002AEED9;
					};
					65B32BD3299AA2DB002AEED9 = {
						CreatedOnToolsVersion = 14.2;
						TestTargetID = 65B32BB9299AA2D9002AEED9;
					};
				};
			};
			buildConfigurationList = 65B32BB5299AA2D9002AEED9 /* Build configuration list for PBXProject "DeepSleep" */;
			compatibilityVersion = "Xcode 14.0";
			developmentRegion = en;
			hasScannedForEncodings = 0;
			knownRegions = (
				en,
				Base,
			);
			mainGroup = 65B32BB1299AA2D9002AEED9;
			productRefGroup = 65B32BBB299AA2D9002AEED9 /* Products */;
			projectDirPath = "";
			projectRoot = "";
			targets = (
				65B32BB9299AA2D9002AEED9 /* DeepSleep */,
				65B32BC9299AA2DB002AEED9 /* DeepSleepTests */,
				65B32BD3299AA2DB002AEED9 /* DeepSleepUITests */,
			);
		};
/* End PBXProject section */

/* Begin PBXResourcesBuildPhase section */
		65B32BB8299AA2D9002AEED9 /* Resources */ = {
			isa = PBXResourcesBuildPhase;
			buildActionMask = 2147483647;
			files = (
				65B32BC5299AA2DA002AEED9 /* Preview Assets.xcassets in Resources */,
				65B32BC2299AA2DA002AEED9 /* Assets.xcassets in Resources */,
			);
			runOnlyForDeploymentPostprocessing = 0;
		};
		65B32BC8299AA2DB002AEED9 /* Resources */ = {
			isa = PBXResourcesBuildPhase;
			buildActionMask = 2147483647;
			files = (
			);
			runOnlyForDeploymentPostprocessing = 0;
		};
		65B32BD2299AA2DB002AEED9 /* Resources */ = {
			isa = PBXResourcesBuildPhase;
			buildActionMask = 2147483647;
			files = (
			);
			runOnlyForDeploymentPostprocessing = 0;
		};
/* End PBXResourcesBuildPhase section */

/* Begin PBXSourcesBuildPhase section */
		65B32BB6299AA2D9002AEED9 /* Sources */ = {
			isa = PBXSourcesBuildPhase;
			buildActionMask = 2147483647;
			files = (
				65B32BC0299AA2D9002AEED9 /* ContentView.swift in Sources */,
				65B32BBE299AA2D9002AEED9 /* DeepSleepApp.swift in Sources */,
			);
			runOnlyForDeploymentPostprocessing = 0;
		};
		65B32BC6299AA2DB002AEED9 /* Sources */ = {
			isa = PBXSourcesBuildPhase;
			buildActionMask = 2147483647;
			files = (
				65B32BCF299AA2DB002AEED9 /* DeepSleepTests.swift in Sources */,
			);
			runOnlyForDeploymentPostprocessing = 0;
		};
		65B32BD0299AA2DB002AEED9 /* Sources */ = {
			isa = PBXSourcesBuildPhase;
			buildActionMask = 2147483647;
			files = (
				65B32BDB299AA2DB002AEED9 /* DeepSleepUITestsLaunchTests.swift in Sources */,
				65B32BD9299AA2DB002AEED9 /* DeepSleepUITests.swift in Sources */,
			);
			runOnlyForDeploymentPostprocessing = 0;
		};
/* End PBXSourcesBuildPhase section */

/* Begin PBXTargetDependency section */
		65B32BCC299AA2DB002AEED9 /* PBXTargetDependency */ = {
			isa = PBXTargetDependency;
			target = 65B32BB9299AA2D9002AEED9 /* DeepSleep */;
			targetProxy = 65B32BCB299AA2DB002AEED9 /* PBXContainerItemProxy */;
		};
		65B32BD6299AA2DB002AEED9 /* PBXTargetDependency */ = {
			isa = PBXTargetDependency;
			target = 65B32BB9299AA2D9002AEED9 /* DeepSleep */;
			targetProxy = 65B32BD5299AA2DB002AEED9 /* PBXContainerItemProxy */;
		};
/* End PBXTargetDependency section */

/* Begin XCBuildConfiguration section */
		65B32BDC299AA2DB002AEED9 /* Debug */ = {
			isa = XCBuildConfiguration;
			buildSettings = {
				ALWAYS_SEARCH_USER_PATHS = NO;
				CLANG_ANALYZER_NONNULL = YES;
				CLANG_ANALYZER_NUMBER_OBJECT_CONVERSION = YES_AGGRESSIVE;
				CLANG_CXX_LANGUAGE_STANDARD = "gnu++20";
				CLANG_ENABLE_MODULES = YES;
				CLANG_ENABLE_OBJC_ARC = YES;
				CLANG_ENABLE_OBJC_WEAK = YES;
				CLANG_WARN_BLOCK_CAPTURE_AUTORELEASING = YES;
				CLANG_WARN_BOOL_CONVERSION = YES;
				CLANG_WARN_COMMA = YES;
				CLANG_WARN_CONSTANT_CONVERSION = YES;
				CLANG_WARN_DEPRECATED_OBJC_IMPLEMENTATIONS = YES;
				CLANG_WARN_DIRECT_OBJC_ISA_USAGE = YES_ERROR;
				CLANG_WARN_DOCUMENTATION_COMMENTS = YES;
				CLANG_WARN_EMPTY_BODY = YES;
				CLANG_WARN_ENUM_CONVERSION = YES;
				CLANG_WARN_INFINITE_RECURSION = YES;
				CLANG_WARN_INT_CONVERSION = YES;
				CLANG_WARN_NON_LITERAL_NULL_CONVERSION = YES;
				CLANG_WARN_OBJC_IMPLICIT_RETAIN_SELF = YES;
				CLANG_WARN_OBJC_LITERAL_CONVERSION = YES;
				CLANG_WARN_OBJC_ROOT_CLASS = YES_ERROR;
				CLANG_WARN_QUOTED_INCLUDE_IN_FRAMEWORK_HEADER = YES;
				CLANG_WARN_RANGE_LOOP_ANALYSIS = YES;
				CLANG_WARN_STRICT_PROTOTYPES = YES;
				CLANG_WARN_SUSPICIOUS_MOVE = YES;
				CLANG_WARN_UNGUARDED_AVAILABILITY = YES_AGGRESSIVE;
				CLANG_WARN_UNREACHABLE_CODE = YES;
				CLANG_WARN__DUPLICATE_METHOD_MATCH = YES;
				COPY_PHASE_STRIP = NO;
				DEBUG_INFORMATION_FORMAT = dwarf;
				ENABLE_STRICT_OBJC_MSGSEND = YES;
				ENABLE_TESTABILITY = YES;
				GCC_C_LANGUAGE_STANDARD = gnu11;
				GCC_DYNAMIC_NO_PIC = NO;
				GCC_NO_COMMON_BLOCKS = YES;
				GCC_OPTIMIZATION_LEVEL = 0;
				GCC_PREPROCESSOR_DEFINITIONS = (
					"DEBUG=1",
					"$(inherited)",
				);
				GCC_WARN_64_TO_32_BIT_CONVERSION = YES;
				GCC_WARN_ABOUT_RETURN_TYPE = YES_ERROR;
				GCC_WARN_UNDECLARED_SELECTOR = YES;
				GCC_WARN_UNINITIALIZED_AUTOS = YES_AGGRESSIVE;
				GCC_WARN_UNUSED_FUNCTION = YES;
				GCC_WARN_UNUSED_VARIABLE = YES;
				IPHONEOS_DEPLOYMENT_TARGET = 16.2;
				MTL_ENABLE_DEBUG_INFO = INCLUDE_SOURCE;
				MTL_FAST_MATH = YES;
				ONLY_ACTIVE_ARCH = YES;
				SDKROOT = iphoneos;
				SWIFT_ACTIVE_COMPILATION_CONDITIONS = DEBUG;
				SWIFT_OPTIMIZATION_LEVEL = "-Onone";
			};
			name = Debug;
		};
		65B32BDD299AA2DB002AEED9 /* Release */ = {
			isa = XCBuildConfiguration;
			buildSettings = {
				ALWAYS_SEARCH_USER_PATHS = NO;
				CLANG_ANALYZER_NONNULL = YES;
				CLANG_ANALYZER_NUMBER_OBJECT_CONVERSION = YES_AGGRESSIVE;
				CLANG_CXX_LANGUAGE_STANDARD = "gnu++20";
				CLANG_ENABLE_MODULES = YES;
				CLANG_ENABLE_OBJC_ARC = YES;
				CLANG_ENABLE_OBJC_WEAK = YES;
				CLANG_WARN_BLOCK_CAPTURE_AUTORELEASING = YES;
				CLANG_WARN_BOOL_CONVERSION = YES;
				CLANG_WARN_COMMA = YES;
				CLANG_WARN_CONSTANT_CONVERSION = YES;
				CLANG_WARN_DEPRECATED_OBJC_IMPLEMENTATIONS = YES;
				CLANG_WARN_DIRECT_OBJC_ISA_USAGE = YES_ERROR;
				CLANG_WARN_DOCUMENTATION_COMMENTS = YES;
				CLANG_WARN_EMPTY_BODY = YES;
				CLANG_WARN_ENUM_CONVERSION = YES;
				CLANG_WARN_INFINITE_RECURSION = YES;
				CLANG_WARN_INT_CONVERSION = YES;
				CLANG_WARN_NON_LITERAL_NULL_CONVERSION = YES;
				CLANG_WARN_OBJC_IMPLICIT_RETAIN_SELF = YES;
				CLANG_WARN_OBJC_LITERAL_CONVERSION = YES;
				CLANG_WARN_OBJC_ROOT_CLASS = YES_ERROR;
				CLANG_WARN_QUOTED_INCLUDE_IN_FRAMEWORK_HEADER = YES;
				CLANG_WARN_RANGE_LOOP_ANALYSIS = YES;
				CLANG_WARN_STRICT_PROTOTYPES = YES;
				CLANG_WARN_SUSPICIOUS_MOVE = YES;
				CLANG_WARN_UNGUARDED_AVAILABILITY = YES_AGGRESSIVE;
				CLANG_WARN_UNREACHABLE_CODE = YES;
				CLANG_WARN__DUPLICATE_METHOD_MATCH = YES;
				COPY_PHASE_STRIP = NO;
				DEBUG_INFORMATION_FORMAT = "dwarf-with-dsym";
				ENABLE_NS_ASSERTIONS = NO;
				ENABLE_STRICT_OBJC_MSGSEND = YES;
				GCC_C_LANGUAGE_STANDARD = gnu11;
				GCC_NO_COMMON_BLOCKS = YES;
				GCC_WARN_64_TO_32_BIT_CONVERSION = YES;
				GCC_WARN_ABOUT_RETURN_TYPE = YES_ERROR;
				GCC_WARN_UNDECLARED_SELECTOR = YES;
				GCC_WARN_UNINITIALIZED_AUTOS = YES_AGGRESSIVE;
				GCC_WARN_UNUSED_FUNCTION = YES;
				GCC_WARN_UNUSED_VARIABLE = YES;
				IPHONEOS_DEPLOYMENT_TARGET = 16.2;
				MTL_ENABLE_DEBUG_INFO = NO;
				MTL_FAST_MATH = YES;
				SDKROOT = iphoneos;
				SWIFT_COMPILATION_MODE = wholemodule;
				SWIFT_OPTIMIZATION_LEVEL = "-O";
				VALIDATE_PRODUCT = YES;
			};
			name = Release;
		};
		65B32BDF299AA2DB002AEED9 /* Debug */ = {
			isa = XCBuildConfiguration;
			buildSettings = {
				ASSETCATALOG_COMPILER_APPICON_NAME = AppIcon;
				ASSETCATALOG_COMPILER_GLOBAL_ACCENT_COLOR_NAME = AccentColor;
				CODE_SIGN_STYLE = Automatic;
				CURRENT_PROJECT_VERSION = 1;
				DEVELOPMENT_ASSET_PATHS = "\"DeepSleep/Preview Content\"";
				DEVELOPMENT_TEAM = 4HPPGS6GJD;
				ENABLE_PREVIEWS = YES;
				GENERATE_INFOPLIST_FILE = YES;
				INFOPLIST_KEY_UIApplicationSceneManifest_Generation = YES;
				INFOPLIST_KEY_UIApplicationSupportsIndirectInputEvents = YES;
				INFOPLIST_KEY_UILaunchScreen_Generation = YES;
				INFOPLIST_KEY_UISupportedInterfaceOrientations_iPad = "UIInterfaceOrientationPortrait UIInterfaceOrientationPortraitUpsideDown UIInterfaceOrientationLandscapeLeft UIInterfaceOrientationLandscapeRight";
				INFOPLIST_KEY_UISupportedInterfaceOrientations_iPhone = "UIInterfaceOrientationPortrait UIInterfaceOrientationLandscapeLeft UIInterfaceOrientationLandscapeRight";
				LD_RUNPATH_SEARCH_PATHS = (
					"$(inherited)",
					"@executable_path/Frameworks",
				);
				MARKETING_VERSION = 1.0;
				PRODUCT_BUNDLE_IDENTIFIER = "silva.fredson-hotmail.com.DeepSleep";
				PRODUCT_NAME = "$(TARGET_NAME)";
				SWIFT_EMIT_LOC_STRINGS = YES;
				SWIFT_VERSION = 5.0;
				TARGETED_DEVICE_FAMILY = "1,2";
			};
			name = Debug;
		};
		65B32BE0299AA2DB002AEED9 /* Release */ = {
			isa = XCBuildConfiguration;
			buildSettings = {
				ASSETCATALOG_COMPILER_APPICON_NAME = AppIcon;
				ASSETCATALOG_COMPILER_GLOBAL_ACCENT_COLOR_NAME = AccentColor;
				CODE_SIGN_STYLE = Automatic;
				CURRENT_PROJECT_VERSION = 1;
				DEVELOPMENT_ASSET_PATHS = "\"DeepSleep/Preview Content\"";
				DEVELOPMENT_TEAM = 4HPPGS6GJD;
				ENABLE_PREVIEWS = YES;
				GENERATE_INFOPLIST_FILE = YES;
				INFOPLIST_KEY_UIApplicationSceneManifest_Generation = YES;
				INFOPLIST_KEY_UIApplicationSupportsIndirectInputEvents = YES;
				INFOPLIST_KEY_UILaunchScreen_Generation = YES;
				INFOPLIST_KEY_UISupportedInterfaceOrientations_iPad = "UIInterfaceOrientationPortrait UIInterfaceOrientationPortraitUpsideDown UIInterfaceOrientationLandscapeLeft UIInterfaceOrientationLandscapeRight";
				INFOPLIST_KEY_UISupportedInterfaceOrientations_iPhone = "UIInterfaceOrientationPortrait UIInterfaceOrientationLandscapeLeft UIInterfaceOrientationLandscapeRight";
				LD_RUNPATH_SEARCH_PATHS = (
					"$(inherited)",
					"@executable_path/Frameworks",
				);
				MARKETING_VERSION = 1.0;
				PRODUCT_BUNDLE_IDENTIFIER = "silva.fredson-hotmail.com.DeepSleep";
				PRODUCT_NAME = "$(TARGET_NAME)";
				SWIFT_EMIT_LOC_STRINGS = YES;
				SWIFT_VERSION = 5.0;
				TARGETED_DEVICE_FAMILY = "1,2";
			};
			name = Release;
		};
		65B32BE2299AA2DB002AEED9 /* Debug */ = {
			isa = XCBuildConfiguration;
			buildSettings = {
				ALWAYS_EMBED_SWIFT_STANDARD_LIBRARIES = YES;
				BUNDLE_LOADER = "$(TEST_HOST)";
				CODE_SIGN_STYLE = Automatic;
				CURRENT_PROJECT_VERSION = 1;
				DEVELOPMENT_TEAM = 4HPPGS6GJD;
				GENERATE_INFOPLIST_FILE = YES;
				IPHONEOS_DEPLOYMENT_TARGET = 16.2;
				MARKETING_VERSION = 1.0;
				PRODUCT_BUNDLE_IDENTIFIER = "silva.fredson-hotmail.com.DeepSleepTests";
				PRODUCT_NAME = "$(TARGET_NAME)";
				SWIFT_EMIT_LOC_STRINGS = NO;
				SWIFT_VERSION = 5.0;
				TARGETED_DEVICE_FAMILY = "1,2";
				TEST_HOST = "$(BUILT_PRODUCTS_DIR)/DeepSleep.app/$(BUNDLE_EXECUTABLE_FOLDER_PATH)/DeepSleep";
			};
			name = Debug;
		};
		65B32BE3299AA2DB002AEED9 /* Release */ = {
			isa = XCBuildConfiguration;
			buildSettings = {
				ALWAYS_EMBED_SWIFT_STANDARD_LIBRARIES = YES;
				BUNDLE_LOADER = "$(TEST_HOST)";
				CODE_SIGN_STYLE = Automatic;
				CURRENT_PROJECT_VERSION = 1;
				DEVELOPMENT_TEAM = 4HPPGS6GJD;
				GENERATE_INFOPLIST_FILE = YES;
				IPHONEOS_DEPLOYMENT_TARGET = 16.2;
				MARKETING_VERSION = 1.0;
				PRODUCT_BUNDLE_IDENTIFIER = "silva.fredson-hotmail.com.DeepSleepTests";
				PRODUCT_NAME = "$(TARGET_NAME)";
				SWIFT_EMIT_LOC_STRINGS = NO;
				SWIFT_VERSION = 5.0;
				TARGETED_DEVICE_FAMILY = "1,2";
				TEST_HOST = "$(BUILT_PRODUCTS_DIR)/DeepSleep.app/$(BUNDLE_EXECUTABLE_FOLDER_PATH)/DeepSleep";
			};
			name = Release;
		};
		65B32BE5299AA2DB002AEED9 /* Debug */ = {
			isa = XCBuildConfiguration;
			buildSettings = {
				ALWAYS_EMBED_SWIFT_STANDARD_LIBRARIES = YES;
				CODE_SIGN_STYLE = Automatic;
				CURRENT_PROJECT_VERSION = 1;
				DEVELOPMENT_TEAM = 4HPPGS6GJD;
				GENERATE_INFOPLIST_FILE = YES;
				MARKETING_VERSION = 1.0;
				PRODUCT_BUNDLE_IDENTIFIER = "silva.fredson-hotmail.com.DeepSleepUITests";
				PRODUCT_NAME = "$(TARGET_NAME)";
				SWIFT_EMIT_LOC_STRINGS = NO;
				SWIFT_VERSION = 5.0;
				TARGETED_DEVICE_FAMILY = "1,2";
				TEST_TARGET_NAME = DeepSleep;
			};
			name = Debug;
		};
		65B32BE6299AA2DB002AEED9 /* Release */ = {
			isa = XCBuildConfiguration;
			buildSettings = {
				ALWAYS_EMBED_SWIFT_STANDARD_LIBRARIES = YES;
				CODE_SIGN_STYLE = Automatic;
				CURRENT_PROJECT_VERSION = 1;
				DEVELOPMENT_TEAM = 4HPPGS6GJD;
				GENERATE_INFOPLIST_FILE = YES;
				MARKETING_VERSION = 1.0;
				PRODUCT_BUNDLE_IDENTIFIER = "silva.fredson-hotmail.com.DeepSleepUITests";
				PRODUCT_NAME = "$(TARGET_NAME)";
				SWIFT_EMIT_LOC_STRINGS = NO;
				SWIFT_VERSION = 5.0;
				TARGETED_DEVICE_FAMILY = "1,2";
				TEST_TARGET_NAME = DeepSleep;
			};
			name = Release;
		};
/* End XCBuildConfiguration section */

/* Begin XCConfigurationList section */
		65B32BB5299AA2D9002AEED9 /* Build configuration list for PBXProject "DeepSleep" */ = {
			isa = XCConfigurationList;
			buildConfigurations = (
				65B32BDC299AA2DB002AEED9 /* Debug */,
				65B32BDD299AA2DB002AEED9 /* Release */,
			);
			defaultConfigurationIsVisible = 0;
			defaultConfigurationName = Release;
		};
		65B32BDE299AA2DB002AEED9 /* Build configuration list for PBXNativeTarget "DeepSleep" */ = {
			isa = XCConfigurationList;
			buildConfigurations = (
				65B32BDF299AA2DB002AEED9 /* Debug */,
				65B32BE0299AA2DB002AEED9 /* Release */,
			);
			defaultConfigurationIsVisible = 0;
			defaultConfigurationName = Release;
		};
		65B32BE1299AA2DB002AEED9 /* Build configuration list for PBXNativeTarget "DeepSleepTests" */ = {
			isa = XCConfigurationList;
			buildConfigurations = (
				65B32BE2299AA2DB002AEED9 /* Debug */,
				65B32BE3299AA2DB002AEED9 /* Release */,
			);
			defaultConfigurationIsVisible = 0;
			defaultConfigurationName = Release;
		};
		65B32BE4299AA2DB002AEED9 /* Build configuration list for PBXNativeTarget "DeepSleepUITests" */ = {
			isa = XCConfigurationList;
			buildConfigurations = (
				65B32BE5299AA2DB002AEED9 /* Debug */,
				65B32BE6299AA2DB002AEED9 /* Release */,
			);
			defaultConfigurationIsVisible = 0;
			defaultConfigurationName = Release;
		};
/* End XCConfigurationList section */
	};
	rootObject = 65B32BB2299AA2D9002AEED9 /* Project object */;
}
